<?xml version="1.0" encoding="utf-8"?>
<Project ToolsVersion="4.0" xmlns="http://schemas.microsoft.com/developer/msbuild/2003">
  <ItemGroup>
    <Filter Include="源文件">
      <UniqueIdentifier>{4FC737F1-C7A5-4376-A066-2A32D752A2FF}</UniqueIdentifier>
      <Extensions>cpp;c;cc;cxx;c++;cppm;ixx;def;odl;idl;hpj;bat;asm;asmx</Extensions>
    </Filter>
    <Filter Include="头文件">
      <UniqueIdentifier>{93995380-89BD-4b04-88EB-625FBE52EBFB}</UniqueIdentifier>
      <Extensions>h;hh;hpp;hxx;h++;hm;inl;inc;ipp;xsd</Extensions>
    </Filter>
    <Filter Include="资源文件">
      <UniqueIdentifier>{67DA6AB6-F800-4c08-8B7A-83BB121AAD01}</UniqueIdentifier>
      <Extensions>rc;ico;cur;bmp;dlg;rc2;rct;bin;rgs;gif;jpg;jpeg;jpe;resx;tiff;tif;png;wav;mfcribbon-ms</Extensions>
    </Filter>
    <Filter Include="xsgui">
      <UniqueIdentifier>{ecb5bccc-27ed-44b2-b974-23e52d02321d}</UniqueIdentifier>
    </Filter>
    <Filter Include="hook">
      <UniqueIdentifier>{079dc49e-b468-4af3-a008-6ff4ba72a3e1}</UniqueIdentifier>
    </Filter>
    <Filter Include="ESP">
      <UniqueIdentifier>{d4075fc4-889d-45a9-92dc-e243858cf86b}</UniqueIdentifier>
    </Filter>
    <Filter Include="界面">
      <UniqueIdentifier>{568d0dc9-8aa8-4b87-9034-14c79785caf6}</UniqueIdentifier>
    </Filter>
  </ItemGroup>
  <ItemGroup>
    <ClCompile Include="dllmain.cpp">
      <Filter>源文件</Filter>
    </ClCompile>
    <ClCompile Include="present.cpp">
      <Filter>界面</Filter>
    </ClCompile>
    <ClCompile Include="Esp.cpp">
      <Filter>ESP</Filter>
    </ClCompile>
    <ClCompile Include="cheat_data.cpp">
      <Filter>ESP</Filter>
    </ClCompile>
    <ClCompile Include="aim.cpp">
      <Filter>ESP</Filter>
    </ClCompile>
    <ClCompile Include="supplies.cpp">
      <Filter>ESP</Filter>
    </ClCompile>
    <ClCompile Include="player.cpp">
      <Filter>ESP</Filter>
    </ClCompile>
    <ClCompile Include="weapon.cpp">
      <Filter>ESP</Filter>
    </ClCompile>
    <ClCompile Include="dx12.cpp">
      <Filter>界面</Filter>
    </ClCompile>
    <ClCompile Include="hook_call\hook_call.cpp">
      <Filter>hook</Filter>
    </ClCompile>
    <ClCompile Include="xsgui\xs_font.cpp">
      <Filter>xsgui</Filter>
    </ClCompile>
    <ClCompile Include="xsgui\xsgui.cpp">
      <Filter>xsgui</Filter>
    </ClCompile>
    <ClCompile Include="xsgui\xsgui_draw.cpp">
      <Filter>xsgui</Filter>
    </ClCompile>
    <ClCompile Include="xsgui\xsgui_impl_dx11.cpp">
      <Filter>xsgui</Filter>
    </ClCompile>
    <ClCompile Include="xsgui\xsgui_impl_win32.cpp">
      <Filter>xsgui</Filter>
    </ClCompile>
    <ClCompile Include="xsgui\xsgui_menu.cpp">
      <Filter>xsgui</Filter>
    </ClCompile>
    <ClCompile Include="menu_call.cpp">
      <Filter>界面</Filter>
    </ClCompile>
  </ItemGroup>
  <ItemGroup>
    <ClInclude Include="present.h">
      <Filter>界面</Filter>
    </ClInclude>
    <ClInclude Include="cheat_data.h">
      <Filter>ESP</Filter>
    </ClInclude>
    <ClInclude Include="dx12.h">
      <Filter>界面</Filter>
    </ClInclude>
    <ClInclude Include="vmp_Include\VMProtectSDK.h">
      <Filter>源文件</Filter>
    </ClInclude>
    <ClInclude Include="hook_call\hook_call.h">
      <Filter>hook</Filter>
    </ClInclude>
    <ClInclude Include="xsgui\config.h">
      <Filter>xsgui</Filter>
    </ClInclude>
    <ClInclude Include="xsgui\dx_fn.h">
      <Filter>xsgui</Filter>
    </ClInclude>
    <ClInclude Include="xsgui\imstb_rectpack.h">
      <Filter>xsgui</Filter>
    </ClInclude>
    <ClInclude Include="xsgui\imstb_truetype.h">
      <Filter>xsgui</Filter>
    </ClInclude>
    <ClInclude Include="xsgui\xs_font.h">
      <Filter>xsgui</Filter>
    </ClInclude>
    <ClInclude Include="xsgui\xsgui.h">
      <Filter>xsgui</Filter>
    </ClInclude>
    <ClInclude Include="xsgui\xsgui_impl_dx11.h">
      <Filter>xsgui</Filter>
    </ClInclude>
    <ClInclude Include="xsgui\xsgui_impl_win32.h">
      <Filter>xsgui</Filter>
    </ClInclude>
    <ClInclude Include="xsgui\xsgui_internal.h">
      <Filter>xsgui</Filter>
    </ClInclude>
    <ClInclude Include="xsgui\xsgui_menu.h">
      <Filter>xsgui</Filter>
    </ClInclude>
    <ClInclude Include="menu_call.h">
      <Filter>界面</Filter>
    </ClInclude>
  </ItemGroup>
</Project>